
Microsoft Visual Studio Solution File, Format Version 12.00
# Visual Studio Version 17
VisualStudioVersion = 17.7.34221.43
MinimumVisualStudioVersion = 10.0.40219.1
Project("{9A19103F-16F7-4668-BE54-9A1E7A4F7556}") = "DotnetList5Task2", "DotnetList5Task2\DotnetList5Task2.csproj", "{239CE1CE-95D6-4117-91A4-C5EA124BABAF}"
EndProject
Project("{9A19103F-16F7-4668-BE54-9A1E7A4F7556}") = "ArticleShop", "ArticleShop\ArticleShop.csproj", "{0297C29E-CB3B-4785-9123-37EBAA0130C0}"
EndProject
Project("{FAE04EC0-301F-11D3-BF4B-00C04F79EFBC}") = "ShopRazor", "ShopRazor\ShopRazor.csproj", "{68D32F46-4921-4251-A526-E30DC9072894}"
EndProject
Global
	GlobalSection(SolutionConfigurationPlatforms) = preSolution
		Debug|Any CPU = Debug|Any CPU
		Release|Any CPU = Release|Any CPU
	EndGlobalSection
	GlobalSection(ProjectConfigurationPlatforms) = postSolution
		{239CE1CE-95D6-4117-91A4-C5EA124BABAF}.Debug|Any CPU.ActiveCfg = Debug|Any CPU
		{239CE1CE-95D6-4117-91A4-C5EA124BABAF}.Debug|Any CPU.Build.0 = Debug|Any CPU
		{239CE1CE-95D6-4117-91A4-C5EA124BABAF}.Release|Any CPU.ActiveCfg = Release|Any CPU
		{239CE1CE-95D6-4117-91A4-C5EA124BABAF}.Release|Any CPU.Build.0 = Release|Any CPU
		{0297C29E-CB3B-4785-9123-37EBAA0130C0}.Debug|Any CPU.ActiveCfg = Debug|Any CPU
		{0297C29E-CB3B-4785-9123-37EBAA0130C0}.Debug|Any CPU.Build.0 = Debug|Any CPU
		{0297C29E-CB3B-4785-9123-37EBAA0130C0}.Release|Any CPU.ActiveCfg = Release|Any CPU
		{0297C29E-CB3B-4785-9123-37EBAA0130C0}.Release|Any CPU.Build.0 = Release|Any CPU
		{68D32F46-4921-4251-A526-E30DC9072894}.Debug|Any CPU.ActiveCfg = Debug|Any CPU
		{68D32F46-4921-4251-A526-E30DC9072894}.Debug|Any CPU.Build.0 = Debug|Any CPU
		{68D32F46-4921-4251-A526-E30DC9072894}.Release|Any CPU.ActiveCfg = Release|Any CPU
		{68D32F46-4921-4251-A526-E30DC9072894}.Release|Any CPU.Build.0 = Release|Any CPU
	EndGlobalSection
	GlobalSection(SolutionProperties) = preSolution
		HideSolutionNode = FALSE
	EndGlobalSection
	GlobalSection(ExtensibilityGlobals) = postSolution
		SolutionGuid = {375BAC2C-36C7-4317-88E5-2B5C5313A3DE}
	EndGlobalSection
EndGlobal
