
Microsoft Visual Studio Solution File, Format Version 12.00
# Visual Studio Version 17
VisualStudioVersion = 17.7.34221.43
MinimumVisualStudioVersion = 10.0.40219.1
Project("{FAE04EC0-301F-11D3-BF4B-00C04F79EFBC}") = "DotnetList5Task2", "DotnetList5Task2\DotnetList5Task2.csproj", "{239CE1CE-95D6-4117-91A4-C5EA124BABAF}"
EndProject
Global
	GlobalSection(SolutionConfigurationPlatforms) = preSolution
		Debug|Any CPU = Debug|Any CPU
		Release|Any CPU = Release|Any CPU
	EndGlobalSection
	GlobalSection(ProjectConfigurationPlatforms) = postSolution
		{239CE1CE-95D6-4117-91A4-C5EA124BABAF}.Debug|Any CPU.ActiveCfg = Debug|Any CPU
		{239CE1CE-95D6-4117-91A4-C5EA124BABAF}.Debug|Any CPU.Build.0 = Debug|Any CPU
		{239CE1CE-95D6-4117-91A4-C5EA124BABAF}.Release|Any CPU.ActiveCfg = Release|Any CPU
		{239CE1CE-95D6-4117-91A4-C5EA124BABAF}.Release|Any CPU.Build.0 = Release|Any CPU
	EndGlobalSection
	GlobalSection(SolutionProperties) = preSolution
		HideSolutionNode = FALSE
	EndGlobalSection
	GlobalSection(ExtensibilityGlobals) = postSolution
		SolutionGuid = {375BAC2C-36C7-4317-88E5-2B5C5313A3DE}
	EndGlobalSection
EndGlobal
